
Microsoft Visual Studio Solution File, Format Version 12.00
# Visual Studio 15
VisualStudioVersion = 15.0.28307.757
MinimumVisualStudioVersion = 10.0.40219.1
Project("{FAE04EC0-301F-11D3-BF4B-00C04F79EFBC}") = "AuditingSystem", "AuditingSystem\AuditingSystem.csproj", "{706204BF-4B3A-4EC4-AFA9-64BB37DF37A7}"
EndProject
Project("{2150E333-8FDC-42A3-9474-1A3956D46DE8}") = "NewFolder1", "NewFolder1", "{4F7157D4-8237-4616-9C35-47BD48676B35}"
EndProject
Global
	GlobalSection(SolutionConfigurationPlatforms) = preSolution
		Debug|Any CPU = Debug|Any CPU
		Release|Any CPU = Release|Any CPU
	EndGlobalSection
	GlobalSection(ProjectConfigurationPlatforms) = postSolution
		{706204BF-4B3A-4EC4-AFA9-64BB37DF37A7}.Debug|Any CPU.ActiveCfg = Debug|Any CPU
		{706204BF-4B3A-4EC4-AFA9-64BB37DF37A7}.Debug|Any CPU.Build.0 = Debug|Any CPU
		{706204BF-4B3A-4EC4-AFA9-64BB37DF37A7}.Release|Any CPU.ActiveCfg = Release|Any CPU
		{706204BF-4B3A-4EC4-AFA9-64BB37DF37A7}.Release|Any CPU.Build.0 = Release|Any CPU
	EndGlobalSection
	GlobalSection(SolutionProperties) = preSolution
		HideSolutionNode = FALSE
	EndGlobalSection
	GlobalSection(ExtensibilityGlobals) = postSolution
		SolutionGuid = {B7EA65A1-E706-4A8B-A71D-BE9A82D5DB5D}
	EndGlobalSection
EndGlobal
